
Microsoft Visual Studio Solution File, Format Version 12.00
# Visual Studio Version 16
VisualStudioVersion = 16.0.29209.62
MinimumVisualStudioVersion = 10.0.40219.1
Project("{FAE04EC0-301F-11D3-BF4B-00C04F79EFBC}") = "Xeno.SQLiteAdmin", "Xeno.SQLiteAdmin\Xeno.SQLiteAdmin.csproj", "{BA837F5C-AECB-432C-AE9C-292ECEFB6821}"
EndProject
Project("{FAE04EC0-301F-11D3-BF4B-00C04F79EFBC}") = "Xeno.SQLiteAdmin.EditorModule", "Xeno.SQLiteAdmin.EditorModule\Xeno.SQLiteAdmin.EditorModule.csproj", "{FA8424C1-E2A6-4746-ADE7-C47D9AB27D00}"
EndProject
Global
	GlobalSection(SolutionConfigurationPlatforms) = preSolution
		Debug|Any CPU = Debug|Any CPU
		Release|Any CPU = Release|Any CPU
	EndGlobalSection
	GlobalSection(ProjectConfigurationPlatforms) = postSolution
		{BA837F5C-AECB-432C-AE9C-292ECEFB6821}.Debug|Any CPU.ActiveCfg = Debug|Any CPU
		{BA837F5C-AECB-432C-AE9C-292ECEFB6821}.Debug|Any CPU.Build.0 = Debug|Any CPU
		{BA837F5C-AECB-432C-AE9C-292ECEFB6821}.Release|Any CPU.ActiveCfg = Release|Any CPU
		{BA837F5C-AECB-432C-AE9C-292ECEFB6821}.Release|Any CPU.Build.0 = Release|Any CPU
		{FA8424C1-E2A6-4746-ADE7-C47D9AB27D00}.Debug|Any CPU.ActiveCfg = Debug|Any CPU
		{FA8424C1-E2A6-4746-ADE7-C47D9AB27D00}.Debug|Any CPU.Build.0 = Debug|Any CPU
		{FA8424C1-E2A6-4746-ADE7-C47D9AB27D00}.Release|Any CPU.ActiveCfg = Release|Any CPU
		{FA8424C1-E2A6-4746-ADE7-C47D9AB27D00}.Release|Any CPU.Build.0 = Release|Any CPU
	EndGlobalSection
	GlobalSection(SolutionProperties) = preSolution
		HideSolutionNode = FALSE
	EndGlobalSection
	GlobalSection(ExtensibilityGlobals) = postSolution
		SolutionGuid = {A744CBE2-5294-4BEB-A63F-15D4ACDE5E47}
	EndGlobalSection
EndGlobal
